
Microsoft Visual Studio Solution File, Format Version 12.00
# Visual Studio Version 17
VisualStudioVersion = 17.12.35707.178
MinimumVisualStudioVersion = 10.0.40219.1
Project("{FAE04EC0-301F-11D3-BF4B-00C04F79EFBC}") = "FinanceHub.Core", "FinanceHub.Core\FinanceHub.Core.csproj", "{25B7DC8A-2F3C-4E24-8E89-66B65281A7FD}"
EndProject
Project("{FAE04EC0-301F-11D3-BF4B-00C04F79EFBC}") = "FinanceHub.Web", "FinanceHub.Web\FinanceHub.Web.csproj", "{B5B29EC5-D7D4-4EDA-A69F-6884825FB44C}"
EndProject
Project("{FAE04EC0-301F-11D3-BF4B-00C04F79EFBC}") = "FinanceHub.Tests", "FinanceHub.Tests\FinanceHub.Tests.csproj", "{26E32C48-E05A-9372-7D26-0C7A5F396B17}"
EndProject
Global
	GlobalSection(SolutionConfigurationPlatforms) = preSolution
		Debug|Any CPU = Debug|Any CPU
		Release|Any CPU = Release|Any CPU
	EndGlobalSection
	GlobalSection(ProjectConfigurationPlatforms) = postSolution
		{25B7DC8A-2F3C-4E24-8E89-66B65281A7FD}.Debug|Any CPU.ActiveCfg = Debug|Any CPU
		{25B7DC8A-2F3C-4E24-8E89-66B65281A7FD}.Debug|Any CPU.Build.0 = Debug|Any CPU
		{25B7DC8A-2F3C-4E24-8E89-66B65281A7FD}.Release|Any CPU.ActiveCfg = Release|Any CPU
		{25B7DC8A-2F3C-4E24-8E89-66B65281A7FD}.Release|Any CPU.Build.0 = Release|Any CPU
		{B5B29EC5-D7D4-4EDA-A69F-6884825FB44C}.Debug|Any CPU.ActiveCfg = Debug|Any CPU
		{B5B29EC5-D7D4-4EDA-A69F-6884825FB44C}.Debug|Any CPU.Build.0 = Debug|Any CPU
		{B5B29EC5-D7D4-4EDA-A69F-6884825FB44C}.Release|Any CPU.ActiveCfg = Release|Any CPU
		{B5B29EC5-D7D4-4EDA-A69F-6884825FB44C}.Release|Any CPU.Build.0 = Release|Any CPU
		{26E32C48-E05A-9372-7D26-0C7A5F396B17}.Debug|Any CPU.ActiveCfg = Debug|Any CPU
		{26E32C48-E05A-9372-7D26-0C7A5F396B17}.Debug|Any CPU.Build.0 = Debug|Any CPU
		{26E32C48-E05A-9372-7D26-0C7A5F396B17}.Release|Any CPU.ActiveCfg = Release|Any CPU
		{26E32C48-E05A-9372-7D26-0C7A5F396B17}.Release|Any CPU.Build.0 = Release|Any CPU
	EndGlobalSection
	GlobalSection(SolutionProperties) = preSolution
		HideSolutionNode = FALSE
	EndGlobalSection
	GlobalSection(ExtensibilityGlobals) = postSolution
		SolutionGuid = {FB470250-85CB-461C-B42D-62B7AC3881FA}
	EndGlobalSection
EndGlobal
